// !$*UTF8*$!
{
	archiveVersion = 1;
	classes = {
	};
	objectVersion = 46;
	objects = {

/* Begin PBXBuildFile section */
		2B0CC59916D6CFDA00124BCC /* sf_transit_tables_1_1.db in Resources */ = {isa = PBXBuildFile; fileRef = 2B0CC59816D6CFDA00124BCC /* sf_transit_tables_1_1.db */; };
		2BA5D4BD16D3352A008F39B4 /* UIKit.framework in Frameworks */ = {isa = PBXBuildFile; fileRef = 2BA5D4BC16D3352A008F39B4 /* UIKit.framework */; };
		2BA5D4BF16D3352A008F39B4 /* Foundation.framework in Frameworks */ = {isa = PBXBuildFile; fileRef = 2BA5D4BE16D3352A008F39B4 /* Foundation.framework */; };
		2BA5D4C116D3352A008F39B4 /* CoreGraphics.framework in Frameworks */ = {isa = PBXBuildFile; fileRef = 2BA5D4C016D3352A008F39B4 /* CoreGraphics.framework */; };
		2BA5D4C716D3352A008F39B4 /* InfoPlist.strings in Resources */ = {isa = PBXBuildFile; fileRef = 2BA5D4C516D3352A008F39B4 /* InfoPlist.strings */; };
		2BA5D4C916D3352A008F39B4 /* main.m in Sources */ = {isa = PBXBuildFile; fileRef = 2BA5D4C816D3352A008F39B4 /* main.m */; };
		2BA5D4CD16D3352A008F39B4 /* AppDelegate.mm in Sources */ = {isa = PBXBuildFile; fileRef = 2BA5D4CC16D3352A008F39B4 /* AppDelegate.mm */; };
		2BA5D4CF16D3352A008F39B4 /* Default.png in Resources */ = {isa = PBXBuildFile; fileRef = 2BA5D4CE16D3352A008F39B4 /* Default.png */; };
		2BA5D4D116D3352A008F39B4 /* Default@2x.png in Resources */ = {isa = PBXBuildFile; fileRef = 2BA5D4D016D3352A008F39B4 /* Default@2x.png */; };
		2BA5D4D316D3352A008F39B4 /* Default-568h@2x.png in Resources */ = {isa = PBXBuildFile; fileRef = 2BA5D4D216D3352A008F39B4 /* Default-568h@2x.png */; };
		2BA5D4DC16D33574008F39B4 /* MainViewController.mm in Sources */ = {isa = PBXBuildFile; fileRef = 2BA5D4DB16D33574008F39B4 /* MainViewController.mm */; };
		2BA5D4E616D3388D008F39B4 /* libWhirlyGlobe-MaplyComponent.a in Frameworks */ = {isa = PBXBuildFile; fileRef = 2BA5D4E216D33689008F39B4 /* libWhirlyGlobe-MaplyComponent.a */; };
		2BA5D4E816D338BE008F39B4 /* OpenGLES.framework in Frameworks */ = {isa = PBXBuildFile; fileRef = 2BA5D4E716D338BE008F39B4 /* OpenGLES.framework */; };
		2BA5D4EA16D338CF008F39B4 /* libstdc++.dylib in Frameworks */ = {isa = PBXBuildFile; fileRef = 2BA5D4E916D338CF008F39B4 /* libstdc++.dylib */; };
		2BA5D4EC16D338DD008F39B4 /* libsqlite3.dylib in Frameworks */ = {isa = PBXBuildFile; fileRef = 2BA5D4EB16D338DD008F39B4 /* libsqlite3.dylib */; };
		2BA5D4F016D33906008F39B4 /* QuartzCore.framework in Frameworks */ = {isa = PBXBuildFile; fileRef = 2BA5D4EF16D33906008F39B4 /* QuartzCore.framework */; };
		2BA5D50A16D33BB6008F39B4 /* FMDatabase.m in Sources */ = {isa = PBXBuildFile; fileRef = 2BA5D50016D33BB6008F39B4 /* FMDatabase.m */; };
		2BA5D50B16D33BB6008F39B4 /* FMDatabaseAdditions.m in Sources */ = {isa = PBXBuildFile; fileRef = 2BA5D50216D33BB6008F39B4 /* FMDatabaseAdditions.m */; };
		2BA5D50C16D33BB6008F39B4 /* FMDatabasePool.m in Sources */ = {isa = PBXBuildFile; fileRef = 2BA5D50416D33BB6008F39B4 /* FMDatabasePool.m */; };
		2BA5D50D16D33BB6008F39B4 /* FMDatabaseQueue.m in Sources */ = {isa = PBXBuildFile; fileRef = 2BA5D50616D33BB6008F39B4 /* FMDatabaseQueue.m */; };
		2BA5D50F16D33BB6008F39B4 /* FMResultSet.m in Sources */ = {isa = PBXBuildFile; fileRef = 2BA5D50916D33BB6008F39B4 /* FMResultSet.m */; };
		2BA5D51216D33DEA008F39B4 /* StopAccumulator.mm in Sources */ = {isa = PBXBuildFile; fileRef = 2BA5D51016D33DEA008F39B4 /* StopAccumulator.mm */; };
		2BB41BAF16D3F1B900FD8F90 /* ACVRangeSelector.m in Sources */ = {isa = PBXBuildFile; fileRef = 2BB41BAD16D3F1B900FD8F90 /* ACVRangeSelector.m */; };
		2BB41BBA16D3F4B900FD8F90 /* connector.png in Resources */ = {isa = PBXBuildFile; fileRef = 2BB41BB216D3F4B900FD8F90 /* connector.png */; };
		2BB41BBB16D3F4B900FD8F90 /* connector@2x.png in Resources */ = {isa = PBXBuildFile; fileRef = 2BB41BB316D3F4B900FD8F90 /* connector@2x.png */; };
		2BB41BBC16D3F4B900FD8F90 /* handle.png in Resources */ = {isa = PBXBuildFile; fileRef = 2BB41BB416D3F4B900FD8F90 /* handle.png */; };
		2BB41BBD16D3F4B900FD8F90 /* handle@2x.png in Resources */ = {isa = PBXBuildFile; fileRef = 2BB41BB516D3F4B900FD8F90 /* handle@2x.png */; };
		2BB41BBE16D3F4B900FD8F90 /* pointer-handle.png in Resources */ = {isa = PBXBuildFile; fileRef = 2BB41BB616D3F4B900FD8F90 /* pointer-handle.png */; };
		2BB41BBF16D3F4B900FD8F90 /* pointer-handle@2x.png in Resources */ = {isa = PBXBuildFile; fileRef = 2BB41BB716D3F4B900FD8F90 /* pointer-handle@2x.png */; };
		2BB41BC016D3F4B900FD8F90 /* track.png in Resources */ = {isa = PBXBuildFile; fileRef = 2BB41BB816D3F4B900FD8F90 /* track.png */; };
		2BB41BC116D3F4B900FD8F90 /* track@2x.png in Resources */ = {isa = PBXBuildFile; fileRef = 2BB41BB916D3F4B900FD8F90 /* track@2x.png */; };
		2BB41BE016D4883100FD8F90 /* MainViewController.xib in Resources */ = {isa = PBXBuildFile; fileRef = 2BB41BDF16D4883100FD8F90 /* MainViewController.xib */; };
		2BD298F616D589F00097655E /* Icon72.png in Resources */ = {isa = PBXBuildFile; fileRef = 2BD298F516D589F00097655E /* Icon72.png */; };
		2BD298F816D589F50097655E /* Icon144.png in Resources */ = {isa = PBXBuildFile; fileRef = 2BD298F716D589F50097655E /* Icon144.png */; };
/* End PBXBuildFile section */

/* Begin PBXContainerItemProxy section */
		2BA5D4E116D33689008F39B4 /* PBXContainerItemProxy */ = {
			isa = PBXContainerItemProxy;
			containerPortal = 2BA5D4DD16D33689008F39B4 /* WhirlyGlobe-MaplyComponent.xcodeproj */;
			proxyType = 2;
			remoteGlobalIDString = 2B11E0DB15B4C030007AAE3F;
			remoteInfo = "WhirlyGlobe-MaplyComponent";
		};
/* End PBXContainerItemProxy section */

/* Begin PBXFileReference section */
		2B0CC59816D6CFDA00124BCC /* sf_transit_tables_1_1.db */ = {isa = PBXFileReference; lastKnownFileType = file; name = sf_transit_tables_1_1.db; path = resources/sf_transit_tables_1_1.db; sourceTree = SOURCE_ROOT; };
		2BA5D4B916D3352A008F39B4 /* UrbanDataChallenge.app */ = {isa = PBXFileReference; explicitFileType = wrapper.application; includeInIndex = 0; path = UrbanDataChallenge.app; sourceTree = BUILT_PRODUCTS_DIR; };
		2BA5D4BC16D3352A008F39B4 /* UIKit.framework */ = {isa = PBXFileReference; lastKnownFileType = wrapper.framework; name = UIKit.framework; path = System/Library/Frameworks/UIKit.framework; sourceTree = SDKROOT; };
		2BA5D4BE16D3352A008F39B4 /* Foundation.framework */ = {isa = PBXFileReference; lastKnownFileType = wrapper.framework; name = Foundation.framework; path = System/Library/Frameworks/Foundation.framework; sourceTree = SDKROOT; };
		2BA5D4C016D3352A008F39B4 /* CoreGraphics.framework */ = {isa = PBXFileReference; lastKnownFileType = wrapper.framework; name = CoreGraphics.framework; path = System/Library/Frameworks/CoreGraphics.framework; sourceTree = SDKROOT; };
		2BA5D4C416D3352A008F39B4 /* UrbanDataChallenge-Info.plist */ = {isa = PBXFileReference; lastKnownFileType = text.plist.xml; path = "UrbanDataChallenge-Info.plist"; sourceTree = "<group>"; };
		2BA5D4C616D3352A008F39B4 /* en */ = {isa = PBXFileReference; lastKnownFileType = text.plist.strings; name = en; path = en.lproj/InfoPlist.strings; sourceTree = "<group>"; };
		2BA5D4C816D3352A008F39B4 /* main.m */ = {isa = PBXFileReference; lastKnownFileType = sourcecode.c.objc; path = main.m; sourceTree = "<group>"; };
		2BA5D4CA16D3352A008F39B4 /* UrbanDataChallenge-Prefix.pch */ = {isa = PBXFileReference; lastKnownFileType = sourcecode.c.h; path = "UrbanDataChallenge-Prefix.pch"; sourceTree = "<group>"; };
		2BA5D4CB16D3352A008F39B4 /* AppDelegate.h */ = {isa = PBXFileReference; lastKnownFileType = sourcecode.c.h; path = AppDelegate.h; sourceTree = "<group>"; };
		2BA5D4CC16D3352A008F39B4 /* AppDelegate.mm */ = {isa = PBXFileReference; lastKnownFileType = sourcecode.cpp.objcpp; path = AppDelegate.mm; sourceTree = "<group>"; };
		2BA5D4CE16D3352A008F39B4 /* Default.png */ = {isa = PBXFileReference; lastKnownFileType = image.png; path = Default.png; sourceTree = "<group>"; };
		2BA5D4D016D3352A008F39B4 /* Default@2x.png */ = {isa = PBXFileReference; lastKnownFileType = image.png; path = "Default@2x.png"; sourceTree = "<group>"; };
		2BA5D4D216D3352A008F39B4 /* Default-568h@2x.png */ = {isa = PBXFileReference; lastKnownFileType = image.png; path = "Default-568h@2x.png"; sourceTree = "<group>"; };
		2BA5D4DA16D33574008F39B4 /* MainViewController.h */ = {isa = PBXFileReference; fileEncoding = 4; lastKnownFileType = sourcecode.c.h; path = MainViewController.h; sourceTree = "<group>"; };
		2BA5D4DB16D33574008F39B4 /* MainViewController.mm */ = {isa = PBXFileReference; fileEncoding = 4; lastKnownFileType = sourcecode.cpp.objcpp; path = MainViewController.mm; sourceTree = "<group>"; };
		2BA5D4DD16D33689008F39B4 /* WhirlyGlobe-MaplyComponent.xcodeproj */ = {isa = PBXFileReference; lastKnownFileType = "wrapper.pb-project"; name = "WhirlyGlobe-MaplyComponent.xcodeproj"; path = "../WhirlyGlobe2/WhirlyGlobeSrc/WhirlyGlobe-MaplyComponent/WhirlyGlobe-MaplyComponent.xcodeproj"; sourceTree = "<group>"; };
		2BA5D4E716D338BE008F39B4 /* OpenGLES.framework */ = {isa = PBXFileReference; lastKnownFileType = wrapper.framework; name = OpenGLES.framework; path = System/Library/Frameworks/OpenGLES.framework; sourceTree = SDKROOT; };
		2BA5D4E916D338CF008F39B4 /* libstdc++.dylib */ = {isa = PBXFileReference; lastKnownFileType = "compiled.mach-o.dylib"; name = "libstdc++.dylib"; path = "usr/lib/libstdc++.dylib"; sourceTree = SDKROOT; };
		2BA5D4EB16D338DD008F39B4 /* libsqlite3.dylib */ = {isa = PBXFileReference; lastKnownFileType = "compiled.mach-o.dylib"; name = libsqlite3.dylib; path = usr/lib/libsqlite3.dylib; sourceTree = SDKROOT; };
		2BA5D4ED16D338E5008F39B4 /* AVFoundation.framework */ = {isa = PBXFileReference; lastKnownFileType = wrapper.framework; name = AVFoundation.framework; path = System/Library/Frameworks/AVFoundation.framework; sourceTree = SDKROOT; };
		2BA5D4EF16D33906008F39B4 /* QuartzCore.framework */ = {isa = PBXFileReference; lastKnownFileType = wrapper.framework; name = QuartzCore.framework; path = System/Library/Frameworks/QuartzCore.framework; sourceTree = SDKROOT; };
		2BA5D4FF16D33BB6008F39B4 /* FMDatabase.h */ = {isa = PBXFileReference; fileEncoding = 4; lastKnownFileType = sourcecode.c.h; name = FMDatabase.h; path = ../../utilities/fmdb/src/FMDatabase.h; sourceTree = "<group>"; };
		2BA5D50016D33BB6008F39B4 /* FMDatabase.m */ = {isa = PBXFileReference; fileEncoding = 4; lastKnownFileType = sourcecode.c.objc; name = FMDatabase.m; path = ../../utilities/fmdb/src/FMDatabase.m; sourceTree = "<group>"; };
		2BA5D50116D33BB6008F39B4 /* FMDatabaseAdditions.h */ = {isa = PBXFileReference; fileEncoding = 4; lastKnownFileType = sourcecode.c.h; name = FMDatabaseAdditions.h; path = ../../utilities/fmdb/src/FMDatabaseAdditions.h; sourceTree = "<group>"; };
		2BA5D50216D33BB6008F39B4 /* FMDatabaseAdditions.m */ = {isa = PBXFileReference; fileEncoding = 4; lastKnownFileType = sourcecode.c.objc; name = FMDatabaseAdditions.m; path = ../../utilities/fmdb/src/FMDatabaseAdditions.m; sourceTree = "<group>"; };
		2BA5D50316D33BB6008F39B4 /* FMDatabasePool.h */ = {isa = PBXFileReference; fileEncoding = 4; lastKnownFileType = sourcecode.c.h; name = FMDatabasePool.h; path = ../../utilities/fmdb/src/FMDatabasePool.h; sourceTree = "<group>"; };
		2BA5D50416D33BB6008F39B4 /* FMDatabasePool.m */ = {isa = PBXFileReference; fileEncoding = 4; lastKnownFileType = sourcecode.c.objc; name = FMDatabasePool.m; path = ../../utilities/fmdb/src/FMDatabasePool.m; sourceTree = "<group>"; };
		2BA5D50516D33BB6008F39B4 /* FMDatabaseQueue.h */ = {isa = PBXFileReference; fileEncoding = 4; lastKnownFileType = sourcecode.c.h; name = FMDatabaseQueue.h; path = ../../utilities/fmdb/src/FMDatabaseQueue.h; sourceTree = "<group>"; };
		2BA5D50616D33BB6008F39B4 /* FMDatabaseQueue.m */ = {isa = PBXFileReference; fileEncoding = 4; lastKnownFileType = sourcecode.c.objc; name = FMDatabaseQueue.m; path = ../../utilities/fmdb/src/FMDatabaseQueue.m; sourceTree = "<group>"; };
		2BA5D50816D33BB6008F39B4 /* FMResultSet.h */ = {isa = PBXFileReference; fileEncoding = 4; lastKnownFileType = sourcecode.c.h; name = FMResultSet.h; path = ../../utilities/fmdb/src/FMResultSet.h; sourceTree = "<group>"; };
		2BA5D50916D33BB6008F39B4 /* FMResultSet.m */ = {isa = PBXFileReference; fileEncoding = 4; lastKnownFileType = sourcecode.c.objc; name = FMResultSet.m; path = ../../utilities/fmdb/src/FMResultSet.m; sourceTree = "<group>"; };
		2BA5D51016D33DEA008F39B4 /* StopAccumulator.mm */ = {isa = PBXFileReference; fileEncoding = 4; lastKnownFileType = sourcecode.cpp.objcpp; path = StopAccumulator.mm; sourceTree = "<group>"; };
		2BA5D51116D33DEA008F39B4 /* StopAccumulator.h */ = {isa = PBXFileReference; fileEncoding = 4; lastKnownFileType = sourcecode.c.h; path = StopAccumulator.h; sourceTree = "<group>"; };
		2BB41BAC16D3F1B900FD8F90 /* ACVRangeSelector.h */ = {isa = PBXFileReference; fileEncoding = 4; lastKnownFileType = sourcecode.c.h; name = ACVRangeSelector.h; path = ../../utilities/ACVRangeSelector/ACVRangeSelector/ACVRangeSelector.h; sourceTree = "<group>"; };
		2BB41BAD16D3F1B900FD8F90 /* ACVRangeSelector.m */ = {isa = PBXFileReference; fileEncoding = 4; lastKnownFileType = sourcecode.c.objc; name = ACVRangeSelector.m; path = ../../utilities/ACVRangeSelector/ACVRangeSelector/ACVRangeSelector.m; sourceTree = "<group>"; };
		2BB41BB216D3F4B900FD8F90 /* connector.png */ = {isa = PBXFileReference; lastKnownFileType = image.png; path = connector.png; sourceTree = "<group>"; };
		2BB41BB316D3F4B900FD8F90 /* connector@2x.png */ = {isa = PBXFileReference; lastKnownFileType = image.png; path = "connector@2x.png"; sourceTree = "<group>"; };
		2BB41BB416D3F4B900FD8F90 /* handle.png */ = {isa = PBXFileReference; lastKnownFileType = image.png; path = handle.png; sourceTree = "<group>"; };
		2BB41BB516D3F4B900FD8F90 /* handle@2x.png */ = {isa = PBXFileReference; lastKnownFileType = image.png; path = "handle@2x.png"; sourceTree = "<group>"; };
		2BB41BB616D3F4B900FD8F90 /* pointer-handle.png */ = {isa = PBXFileReference; lastKnownFileType = image.png; path = "pointer-handle.png"; sourceTree = "<group>"; };
		2BB41BB716D3F4B900FD8F90 /* pointer-handle@2x.png */ = {isa = PBXFileReference; lastKnownFileType = image.png; path = "pointer-handle@2x.png"; sourceTree = "<group>"; };
		2BB41BB816D3F4B900FD8F90 /* track.png */ = {isa = PBXFileReference; lastKnownFileType = image.png; path = track.png; sourceTree = "<group>"; };
		2BB41BB916D3F4B900FD8F90 /* track@2x.png */ = {isa = PBXFileReference; lastKnownFileType = image.png; path = "track@2x.png"; sourceTree = "<group>"; };
		2BB41BDF16D4883100FD8F90 /* MainViewController.xib */ = {isa = PBXFileReference; fileEncoding = 4; lastKnownFileType = file.xib; path = MainViewController.xib; sourceTree = "<group>"; };
		2BD298F516D589F00097655E /* Icon72.png */ = {isa = PBXFileReference; lastKnownFileType = image.png; path = Icon72.png; sourceTree = "<group>"; };
		2BD298F716D589F50097655E /* Icon144.png */ = {isa = PBXFileReference; lastKnownFileType = image.png; path = Icon144.png; sourceTree = "<group>"; };
/* End PBXFileReference section */

/* Begin PBXFrameworksBuildPhase section */
		2BA5D4B616D3352A008F39B4 /* Frameworks */ = {
			isa = PBXFrameworksBuildPhase;
			buildActionMask = 2147483647;
			files = (
				2BA5D4F016D33906008F39B4 /* QuartzCore.framework in Frameworks */,
				2BA5D4EC16D338DD008F39B4 /* libsqlite3.dylib in Frameworks */,
				2BA5D4EA16D338CF008F39B4 /* libstdc++.dylib in Frameworks */,
				2BA5D4E816D338BE008F39B4 /* OpenGLES.framework in Frameworks */,
				2BA5D4C116D3352A008F39B4 /* CoreGraphics.framework in Frameworks */,
				2BA5D4E616D3388D008F39B4 /* libWhirlyGlobe-MaplyComponent.a in Frameworks */,
				2BA5D4BD16D3352A008F39B4 /* UIKit.framework in Frameworks */,
				2BA5D4BF16D3352A008F39B4 /* Foundation.framework in Frameworks */,
			);
			runOnlyForDeploymentPostprocessing = 0;
		};
/* End PBXFrameworksBuildPhase section */

/* Begin PBXGroup section */
		2BA5D4B016D3352A008F39B4 = {
			isa = PBXGroup;
			children = (
				2BD298F716D589F50097655E /* Icon144.png */,
				2BD298F516D589F00097655E /* Icon72.png */,
				2BA5D4EF16D33906008F39B4 /* QuartzCore.framework */,
				2BA5D4ED16D338E5008F39B4 /* AVFoundation.framework */,
				2BA5D4EB16D338DD008F39B4 /* libsqlite3.dylib */,
				2BA5D4E916D338CF008F39B4 /* libstdc++.dylib */,
				2BA5D4E716D338BE008F39B4 /* OpenGLES.framework */,
				2BA5D4C216D3352A008F39B4 /* UrbanDataChallenge */,
				2BA5D4BB16D3352A008F39B4 /* Frameworks */,
				2BA5D4BA16D3352A008F39B4 /* Products */,
			);
			sourceTree = "<group>";
		};
		2BA5D4BA16D3352A008F39B4 /* Products */ = {
			isa = PBXGroup;
			children = (
				2BA5D4B916D3352A008F39B4 /* UrbanDataChallenge.app */,
			);
			name = Products;
			sourceTree = "<group>";
		};
		2BA5D4BB16D3352A008F39B4 /* Frameworks */ = {
			isa = PBXGroup;
			children = (
				2BA5D4DD16D33689008F39B4 /* WhirlyGlobe-MaplyComponent.xcodeproj */,
				2BA5D4BC16D3352A008F39B4 /* UIKit.framework */,
				2BA5D4BE16D3352A008F39B4 /* Foundation.framework */,
				2BA5D4C016D3352A008F39B4 /* CoreGraphics.framework */,
			);
			name = Frameworks;
			sourceTree = "<group>";
		};
		2BA5D4C216D3352A008F39B4 /* UrbanDataChallenge */ = {
			isa = PBXGroup;
			children = (
				2BB41BA916D3F18F00FD8F90 /* ACVRangeSelector */,
				2BA5D4FE16D33BA5008F39B4 /* FMDB */,
				2BA5D4CB16D3352A008F39B4 /* AppDelegate.h */,
				2BA5D4CC16D3352A008F39B4 /* AppDelegate.mm */,
				2BA5D51116D33DEA008F39B4 /* StopAccumulator.h */,
				2BA5D51016D33DEA008F39B4 /* StopAccumulator.mm */,
				2BA5D4DA16D33574008F39B4 /* MainViewController.h */,
				2BA5D4DB16D33574008F39B4 /* MainViewController.mm */,
				2BB41BDF16D4883100FD8F90 /* MainViewController.xib */,
				2BA5D4F116D33971008F39B4 /* resources */,
				2BA5D4C316D3352A008F39B4 /* Supporting Files */,
			);
			path = UrbanDataChallenge;
			sourceTree = "<group>";
		};
		2BA5D4C316D3352A008F39B4 /* Supporting Files */ = {
			isa = PBXGroup;
			children = (
				2BA5D4C416D3352A008F39B4 /* UrbanDataChallenge-Info.plist */,
				2BA5D4C516D3352A008F39B4 /* InfoPlist.strings */,
				2BA5D4C816D3352A008F39B4 /* main.m */,
				2BA5D4CA16D3352A008F39B4 /* UrbanDataChallenge-Prefix.pch */,
				2BA5D4CE16D3352A008F39B4 /* Default.png */,
				2BA5D4D016D3352A008F39B4 /* Default@2x.png */,
				2BA5D4D216D3352A008F39B4 /* Default-568h@2x.png */,
			);
			name = "Supporting Files";
			sourceTree = "<group>";
		};
		2BA5D4DE16D33689008F39B4 /* Products */ = {
			isa = PBXGroup;
			children = (
				2BA5D4E216D33689008F39B4 /* libWhirlyGlobe-MaplyComponent.a */,
			);
			name = Products;
			sourceTree = "<group>";
		};
		2BA5D4F116D33971008F39B4 /* resources */ = {
			isa = PBXGroup;
			children = (
				2B0CC59816D6CFDA00124BCC /* sf_transit_tables_1_1.db */,
			);
			name = resources;
			sourceTree = "<group>";
		};
		2BA5D4FE16D33BA5008F39B4 /* FMDB */ = {
			isa = PBXGroup;
			children = (
				2BA5D4FF16D33BB6008F39B4 /* FMDatabase.h */,
				2BA5D50016D33BB6008F39B4 /* FMDatabase.m */,
				2BA5D50116D33BB6008F39B4 /* FMDatabaseAdditions.h */,
				2BA5D50216D33BB6008F39B4 /* FMDatabaseAdditions.m */,
				2BA5D50316D33BB6008F39B4 /* FMDatabasePool.h */,
				2BA5D50416D33BB6008F39B4 /* FMDatabasePool.m */,
				2BA5D50516D33BB6008F39B4 /* FMDatabaseQueue.h */,
				2BA5D50616D33BB6008F39B4 /* FMDatabaseQueue.m */,
				2BA5D50816D33BB6008F39B4 /* FMResultSet.h */,
				2BA5D50916D33BB6008F39B4 /* FMResultSet.m */,
			);
			name = FMDB;
			sourceTree = "<group>";
		};
		2BB41BA916D3F18F00FD8F90 /* ACVRangeSelector */ = {
			isa = PBXGroup;
			children = (
				2BB41BB216D3F4B900FD8F90 /* connector.png */,
				2BB41BB316D3F4B900FD8F90 /* connector@2x.png */,
				2BB41BB416D3F4B900FD8F90 /* handle.png */,
				2BB41BB516D3F4B900FD8F90 /* handle@2x.png */,
				2BB41BB616D3F4B900FD8F90 /* pointer-handle.png */,
				2BB41BB716D3F4B900FD8F90 /* pointer-handle@2x.png */,
				2BB41BB816D3F4B900FD8F90 /* track.png */,
				2BB41BB916D3F4B900FD8F90 /* track@2x.png */,
				2BB41BAC16D3F1B900FD8F90 /* ACVRangeSelector.h */,
				2BB41BAD16D3F1B900FD8F90 /* ACVRangeSelector.m */,
			);
			name = ACVRangeSelector;
			sourceTree = "<group>";
		};
/* End PBXGroup section */

/* Begin PBXNativeTarget section */
		2BA5D4B816D3352A008F39B4 /* UrbanDataChallenge */ = {
			isa = PBXNativeTarget;
			buildConfigurationList = 2BA5D4D616D3352A008F39B4 /* Build configuration list for PBXNativeTarget "UrbanDataChallenge" */;
			buildPhases = (
				2BA5D4B516D3352A008F39B4 /* Sources */,
				2BA5D4B616D3352A008F39B4 /* Frameworks */,
				2BA5D4B716D3352A008F39B4 /* Resources */,
			);
			buildRules = (
			);
			dependencies = (
			);
			name = UrbanDataChallenge;
			productName = UrbanDataChallenge;
			productReference = 2BA5D4B916D3352A008F39B4 /* UrbanDataChallenge.app */;
			productType = "com.apple.product-type.application";
		};
/* End PBXNativeTarget section */

/* Begin PBXProject section */
		2BA5D4B116D3352A008F39B4 /* Project object */ = {
			isa = PBXProject;
			attributes = {
				LastUpgradeCheck = 0460;
				ORGANIZATIONNAME = "mousebird consulting";
			};
			buildConfigurationList = 2BA5D4B416D3352A008F39B4 /* Build configuration list for PBXProject "UrbanDataChallenge" */;
			compatibilityVersion = "Xcode 3.2";
			developmentRegion = English;
			hasScannedForEncodings = 0;
			knownRegions = (
				en,
			);
			mainGroup = 2BA5D4B016D3352A008F39B4;
			productRefGroup = 2BA5D4BA16D3352A008F39B4 /* Products */;
			projectDirPath = "";
			projectReferences = (
				{
					ProductGroup = 2BA5D4DE16D33689008F39B4 /* Products */;
					ProjectRef = 2BA5D4DD16D33689008F39B4 /* WhirlyGlobe-MaplyComponent.xcodeproj */;
				},
			);
			projectRoot = "";
			targets = (
				2BA5D4B816D3352A008F39B4 /* UrbanDataChallenge */,
			);
		};
/* End PBXProject section */

/* Begin PBXReferenceProxy section */
		2BA5D4E216D33689008F39B4 /* libWhirlyGlobe-MaplyComponent.a */ = {
			isa = PBXReferenceProxy;
			fileType = archive.ar;
			path = "libWhirlyGlobe-MaplyComponent.a";
			remoteRef = 2BA5D4E116D33689008F39B4 /* PBXContainerItemProxy */;
			sourceTree = BUILT_PRODUCTS_DIR;
		};
/* End PBXReferenceProxy section */

/* Begin PBXResourcesBuildPhase section */
		2BA5D4B716D3352A008F39B4 /* Resources */ = {
			isa = PBXResourcesBuildPhase;
			buildActionMask = 2147483647;
			files = (
				2BA5D4C716D3352A008F39B4 /* InfoPlist.strings in Resources */,
				2BA5D4CF16D3352A008F39B4 /* Default.png in Resources */,
				2BA5D4D116D3352A008F39B4 /* Default@2x.png in Resources */,
				2BA5D4D316D3352A008F39B4 /* Default-568h@2x.png in Resources */,
				2BB41BBA16D3F4B900FD8F90 /* connector.png in Resources */,
				2BB41BBB16D3F4B900FD8F90 /* connector@2x.png in Resources */,
				2BB41BBC16D3F4B900FD8F90 /* handle.png in Resources */,
				2BB41BBD16D3F4B900FD8F90 /* handle@2x.png in Resources */,
				2BB41BBE16D3F4B900FD8F90 /* pointer-handle.png in Resources */,
				2BB41BBF16D3F4B900FD8F90 /* pointer-handle@2x.png in Resources */,
				2BB41BC016D3F4B900FD8F90 /* track.png in Resources */,
				2BB41BC116D3F4B900FD8F90 /* track@2x.png in Resources */,
				2BB41BE016D4883100FD8F90 /* MainViewController.xib in Resources */,
				2BD298F616D589F00097655E /* Icon72.png in Resources */,
				2BD298F816D589F50097655E /* Icon144.png in Resources */,
				2B0CC59916D6CFDA00124BCC /* sf_transit_tables_1_1.db in Resources */,
			);
			runOnlyForDeploymentPostprocessing = 0;
		};
/* End PBXResourcesBuildPhase section */

/* Begin PBXSourcesBuildPhase section */
		2BA5D4B516D3352A008F39B4 /* Sources */ = {
			isa = PBXSourcesBuildPhase;
			buildActionMask = 2147483647;
			files = (
				2BA5D4C916D3352A008F39B4 /* main.m in Sources */,
				2BA5D4CD16D3352A008F39B4 /* AppDelegate.mm in Sources */,
				2BA5D4DC16D33574008F39B4 /* MainViewController.mm in Sources */,
				2BA5D50A16D33BB6008F39B4 /* FMDatabase.m in Sources */,
				2BA5D50B16D33BB6008F39B4 /* FMDatabaseAdditions.m in Sources */,
				2BA5D50C16D33BB6008F39B4 /* FMDatabasePool.m in Sources */,
				2BA5D50D16D33BB6008F39B4 /* FMDatabaseQueue.m in Sources */,
				2BA5D50F16D33BB6008F39B4 /* FMResultSet.m in Sources */,
				2BA5D51216D33DEA008F39B4 /* StopAccumulator.mm in Sources */,
				2BB41BAF16D3F1B900FD8F90 /* ACVRangeSelector.m in Sources */,
			);
			runOnlyForDeploymentPostprocessing = 0;
		};
/* End PBXSourcesBuildPhase section */

/* Begin PBXVariantGroup section */
		2BA5D4C516D3352A008F39B4 /* InfoPlist.strings */ = {
			isa = PBXVariantGroup;
			children = (
				2BA5D4C616D3352A008F39B4 /* en */,
			);
			name = InfoPlist.strings;
			sourceTree = "<group>";
		};
/* End PBXVariantGroup section */

/* Begin XCBuildConfiguration section */
		2BA5D4D416D3352A008F39B4 /* Debug */ = {
			isa = XCBuildConfiguration;
			buildSettings = {
				ALWAYS_SEARCH_USER_PATHS = NO;
				CLANG_CXX_LANGUAGE_STANDARD = "compiler-default";
				CLANG_CXX_LIBRARY = "compiler-default";
				CLANG_ENABLE_OBJC_ARC = YES;
				CLANG_WARN_CONSTANT_CONVERSION = YES;
				CLANG_WARN_EMPTY_BODY = YES;
				CLANG_WARN_ENUM_CONVERSION = YES;
				CLANG_WARN_INT_CONVERSION = YES;
				CLANG_WARN__DUPLICATE_METHOD_MATCH = YES;
				"CODE_SIGN_IDENTITY[sdk=iphoneos*]" = "iPhone Developer";
				COPY_PHASE_STRIP = NO;
				GCC_C_LANGUAGE_STANDARD = "compiler-default";
				GCC_DYNAMIC_NO_PIC = NO;
				GCC_OPTIMIZATION_LEVEL = 0;
				GCC_PREPROCESSOR_DEFINITIONS = (
					"DEBUG=1",
					"$(inherited)",
				);
				GCC_SYMBOLS_PRIVATE_EXTERN = NO;
				GCC_WARN_ABOUT_RETURN_TYPE = YES;
				GCC_WARN_UNINITIALIZED_AUTOS = YES;
				GCC_WARN_UNUSED_VARIABLE = YES;
				IPHONEOS_DEPLOYMENT_TARGET = 6.1;
				ONLY_ACTIVE_ARCH = YES;
				SDKROOT = iphoneos;
				TARGETED_DEVICE_FAMILY = "1,2";
			};
			name = Debug;
		};
		2BA5D4D516D3352A008F39B4 /* Release */ = {
			isa = XCBuildConfiguration;
			buildSettings = {
				ALWAYS_SEARCH_USER_PATHS = NO;
				CLANG_CXX_LANGUAGE_STANDARD = "compiler-default";
				CLANG_CXX_LIBRARY = "compiler-default";
				CLANG_ENABLE_OBJC_ARC = YES;
				CLANG_WARN_CONSTANT_CONVERSION = YES;
				CLANG_WARN_EMPTY_BODY = YES;
				CLANG_WARN_ENUM_CONVERSION = YES;
				CLANG_WARN_INT_CONVERSION = YES;
				CLANG_WARN__DUPLICATE_METHOD_MATCH = YES;
				"CODE_SIGN_IDENTITY[sdk=iphoneos*]" = "iPhone Distribution";
				COPY_PHASE_STRIP = YES;
				GCC_C_LANGUAGE_STANDARD = "compiler-default";
				GCC_WARN_ABOUT_RETURN_TYPE = YES;
				GCC_WARN_UNINITIALIZED_AUTOS = YES;
				GCC_WARN_UNUSED_VARIABLE = YES;
				IPHONEOS_DEPLOYMENT_TARGET = 6.1;
				OTHER_CFLAGS = "-DNS_BLOCK_ASSERTIONS=1";
				"PROVISIONING_PROFILE[sdk=iphoneos*]" = "";
				SDKROOT = iphoneos;
				TARGETED_DEVICE_FAMILY = "1,2";
				VALIDATE_PRODUCT = YES;
			};
			name = Release;
		};
		2BA5D4D716D3352A008F39B4 /* Debug */ = {
			isa = XCBuildConfiguration;
			buildSettings = {
				GCC_PRECOMPILE_PREFIX_HEADER = YES;
				GCC_PREFIX_HEADER = "UrbanDataChallenge/UrbanDataChallenge-Prefix.pch";
				HEADER_SEARCH_PATHS = (
					"/Users/sjg/iPhone/WhirlyGlobe2/WhirlyGlobeSrc/WhirlyGlobe-MaplyComponent/include",
					/Users/sjg/iPhone/utilities/fmdb/src,
				);
				INFOPLIST_FILE = "UrbanDataChallenge/UrbanDataChallenge-Info.plist";
				OTHER_LDFLAGS = (
					"-all_load",
					"-ObjC",
				);
				PRODUCT_NAME = "$(TARGET_NAME)";
				TARGETED_DEVICE_FAMILY = 2;
				WRAPPER_EXTENSION = app;
			};
			name = Debug;
		};
		2BA5D4D816D3352A008F39B4 /* Release */ = {
			isa = XCBuildConfiguration;
			buildSettings = {
				GCC_PRECOMPILE_PREFIX_HEADER = YES;
				GCC_PREFIX_HEADER = "UrbanDataChallenge/UrbanDataChallenge-Prefix.pch";
				HEADER_SEARCH_PATHS = (
					"/Users/sjg/iPhone/WhirlyGlobe2/WhirlyGlobeSrc/WhirlyGlobe-MaplyComponent/include",
					/Users/sjg/iPhone/utilities/fmdb/src,
				);
				INFOPLIST_FILE = "UrbanDataChallenge/UrbanDataChallenge-Info.plist";
				OTHER_LDFLAGS = (
					"-all_load",
					"-ObjC",
				);
				PRODUCT_NAME = "$(TARGET_NAME)";
				TARGETED_DEVICE_FAMILY = 2;
				WRAPPER_EXTENSION = app;
			};
			name = Release;
		};
/* End XCBuildConfiguration section */

/* Begin XCConfigurationList section */
		2BA5D4B416D3352A008F39B4 /* Build configuration list for PBXProject "UrbanDataChallenge" */ = {
			isa = XCConfigurationList;
			buildConfigurations = (
				2BA5D4D416D3352A008F39B4 /* Debug */,
				2BA5D4D516D3352A008F39B4 /* Release */,
			);
			defaultConfigurationIsVisible = 0;
			defaultConfigurationName = Release;
		};
		2BA5D4D616D3352A008F39B4 /* Build configuration list for PBXNativeTarget "UrbanDataChallenge" */ = {
			isa = XCConfigurationList;
			buildConfigurations = (
				2BA5D4D716D3352A008F39B4 /* Debug */,
				2BA5D4D816D3352A008F39B4 /* Release */,
			);
			defaultConfigurationIsVisible = 0;
			defaultConfigurationName = Release;
		};
/* End XCConfigurationList section */
	};
	rootObject = 2BA5D4B116D3352A008F39B4 /* Project object */;
}
